// !$*UTF8*$!
{
	archiveVersion = 1;
	classes = {
	};
	objectVersion = 56;
	objects = {

/* Begin PBXBuildFile section */
		1053CDE82B5BAE6000585A91 /* AppDelegate.swift in Sources */ = {isa = PBXBuildFile; fileRef = 1053CDE72B5BAE6000585A91 /* AppDelegate.swift */; };
		1053CDEA2B5BAE6000585A91 /* SceneDelegate.swift in Sources */ = {isa = PBXBuildFile; fileRef = 1053CDE92B5BAE6000585A91 /* SceneDelegate.swift */; };
		1053CDEF2B5BAE6000585A91 /* Main.storyboard in Resources */ = {isa = PBXBuildFile; fileRef = 1053CDED2B5BAE6000585A91 /* Main.storyboard */; };
		1053CDF12B5BAE6100585A91 /* Assets.xcassets in Resources */ = {isa = PBXBuildFile; fileRef = 1053CDF02B5BAE6100585A91 /* Assets.xcassets */; };
		1053CDF42B5BAE6100585A91 /* LaunchScreen.storyboard in Resources */ = {isa = PBXBuildFile; fileRef = 1053CDF22B5BAE6100585A91 /* LaunchScreen.storyboard */; };
		1053CE062B5BAEDD00585A91 /* FavouriteVacancyListPresenter.swift in Sources */ = {isa = PBXBuildFile; fileRef = 1053CDFE2B5BAEDD00585A91 /* FavouriteVacancyListPresenter.swift */; };
		1053CE072B5BAEDD00585A91 /* FavouriteVacancyListViewController.swift in Sources */ = {isa = PBXBuildFile; fileRef = 1053CDFF2B5BAEDD00585A91 /* FavouriteVacancyListViewController.swift */; };
		1053CE082B5BAEDD00585A91 /* VacancyListPresenter.swift in Sources */ = {isa = PBXBuildFile; fileRef = 1053CE012B5BAEDD00585A91 /* VacancyListPresenter.swift */; };
		1053CE092B5BAEDD00585A91 /* VacancyListViewController.swift in Sources */ = {isa = PBXBuildFile; fileRef = 1053CE022B5BAEDD00585A91 /* VacancyListViewController.swift */; };
		1053CE0A2B5BAEDD00585A91 /* VacancyDetailViewPresenter.swift in Sources */ = {isa = PBXBuildFile; fileRef = 1053CE042B5BAEDD00585A91 /* VacancyDetailViewPresenter.swift */; };
		1053CE0B2B5BAEDD00585A91 /* VacancyDetailViewController.swift in Sources */ = {isa = PBXBuildFile; fileRef = 1053CE052B5BAEDD00585A91 /* VacancyDetailViewController.swift */; };
		1053CE112B5BAEFC00585A91 /* Model.swift in Sources */ = {isa = PBXBuildFile; fileRef = 1053CE0D2B5BAEFC00585A91 /* Model.swift */; };
		1053CE122B5BAEFC00585A91 /* Log.swift in Sources */ = {isa = PBXBuildFile; fileRef = 1053CE0E2B5BAEFC00585A91 /* Log.swift */; };
		1053CE132B5BAEFC00585A91 /* Vacancy.swift in Sources */ = {isa = PBXBuildFile; fileRef = 1053CE0F2B5BAEFC00585A91 /* Vacancy.swift */; };
		1053CE142B5BAEFC00585A91 /* Vacancy + Data.swift in Sources */ = {isa = PBXBuildFile; fileRef = 1053CE102B5BAEFC00585A91 /* Vacancy + Data.swift */; };
		1053CE172B5BAF0400585A91 /* Api.swift in Sources */ = {isa = PBXBuildFile; fileRef = 1053CE162B5BAF0400585A91 /* Api.swift */; };
		1053CE1C2B5BAF1400585A91 /* Storage.swift in Sources */ = {isa = PBXBuildFile; fileRef = 1053CE192B5BAF1400585A91 /* Storage.swift */; };
		1053CE1D2B5BAF1400585A91 /* VacancyStorage.swift in Sources */ = {isa = PBXBuildFile; fileRef = 1053CE1A2B5BAF1400585A91 /* VacancyStorage.swift */; };
		1053CE1E2B5BAF1400585A91 /* StorageError.swift in Sources */ = {isa = PBXBuildFile; fileRef = 1053CE1B2B5BAF1400585A91 /* StorageError.swift */; };
		1053CE2A2B5BAF2100585A91 /* VacancyCell.swift in Sources */ = {isa = PBXBuildFile; fileRef = 1053CE212B5BAF2100585A91 /* VacancyCell.swift */; };
		1053CE2B2B5BAF2100585A91 /* VacancyCell.xib in Resources */ = {isa = PBXBuildFile; fileRef = 1053CE222B5BAF2100585A91 /* VacancyCell.xib */; };
		1053CE2C2B5BAF2100585A91 /* DetailTextLabel.swift in Sources */ = {isa = PBXBuildFile; fileRef = 1053CE232B5BAF2100585A91 /* DetailTextLabel.swift */; };
		1053CE2D2B5BAF2100585A91 /* FavouriteTrailingAction.swift in Sources */ = {isa = PBXBuildFile; fileRef = 1053CE242B5BAF2100585A91 /* FavouriteTrailingAction.swift */; };
		1053CE2E2B5BAF2100585A91 /* FavouriteImageView.swift in Sources */ = {isa = PBXBuildFile; fileRef = 1053CE252B5BAF2100585A91 /* FavouriteImageView.swift */; };
		1053CE2F2B5BAF2100585A91 /* DetailTitleLabel.swift in Sources */ = {isa = PBXBuildFile; fileRef = 1053CE262B5BAF2100585A91 /* DetailTitleLabel.swift */; };
		1053CE302B5BAF2100585A91 /* FavouriteButton.swift in Sources */ = {isa = PBXBuildFile; fileRef = 1053CE272B5BAF2100585A91 /* FavouriteButton.swift */; };
		1053CE312B5BAF2100585A91 /* TabBarController.swift in Sources */ = {isa = PBXBuildFile; fileRef = 1053CE292B5BAF2100585A91 /* TabBarController.swift */; };
		1053CE342B5BAF3D00585A91 /* Notification + Extension.swift in Sources */ = {isa = PBXBuildFile; fileRef = 1053CE332B5BAF3D00585A91 /* Notification + Extension.swift */; };
/* End PBXBuildFile section */

/* Begin PBXFileReference section */
		1053CDE42B5BAE6000585A91 /* HeadHunterClone.app */ = {isa = PBXFileReference; explicitFileType = wrapper.application; includeInIndex = 0; path = HeadHunterClone.app; sourceTree = BUILT_PRODUCTS_DIR; };
		1053CDE72B5BAE6000585A91 /* AppDelegate.swift */ = {isa = PBXFileReference; lastKnownFileType = sourcecode.swift; path = AppDelegate.swift; sourceTree = "<group>"; };
		1053CDE92B5BAE6000585A91 /* SceneDelegate.swift */ = {isa = PBXFileReference; lastKnownFileType = sourcecode.swift; path = SceneDelegate.swift; sourceTree = "<group>"; };
		1053CDEE2B5BAE6000585A91 /* Base */ = {isa = PBXFileReference; lastKnownFileType = file.storyboard; name = Base; path = Base.lproj/Main.storyboard; sourceTree = "<group>"; };
		1053CDF02B5BAE6100585A91 /* Assets.xcassets */ = {isa = PBXFileReference; lastKnownFileType = folder.assetcatalog; path = Assets.xcassets; sourceTree = "<group>"; };
		1053CDF32B5BAE6100585A91 /* Base */ = {isa = PBXFileReference; lastKnownFileType = file.storyboard; name = Base; path = Base.lproj/LaunchScreen.storyboard; sourceTree = "<group>"; };
		1053CDF52B5BAE6100585A91 /* Info.plist */ = {isa = PBXFileReference; lastKnownFileType = text.plist.xml; path = Info.plist; sourceTree = "<group>"; };
		1053CDFE2B5BAEDD00585A91 /* FavouriteVacancyListPresenter.swift */ = {isa = PBXFileReference; fileEncoding = 4; lastKnownFileType = sourcecode.swift; path = FavouriteVacancyListPresenter.swift; sourceTree = "<group>"; };
		1053CDFF2B5BAEDD00585A91 /* FavouriteVacancyListViewController.swift */ = {isa = PBXFileReference; fileEncoding = 4; lastKnownFileType = sourcecode.swift; path = FavouriteVacancyListViewController.swift; sourceTree = "<group>"; };
		1053CE012B5BAEDD00585A91 /* VacancyListPresenter.swift */ = {isa = PBXFileReference; fileEncoding = 4; lastKnownFileType = sourcecode.swift; path = VacancyListPresenter.swift; sourceTree = "<group>"; };
		1053CE022B5BAEDD00585A91 /* VacancyListViewController.swift */ = {isa = PBXFileReference; fileEncoding = 4; lastKnownFileType = sourcecode.swift; path = VacancyListViewController.swift; sourceTree = "<group>"; };
		1053CE042B5BAEDD00585A91 /* VacancyDetailViewPresenter.swift */ = {isa = PBXFileReference; fileEncoding = 4; lastKnownFileType = sourcecode.swift; path = VacancyDetailViewPresenter.swift; sourceTree = "<group>"; };
		1053CE052B5BAEDD00585A91 /* VacancyDetailViewController.swift */ = {isa = PBXFileReference; fileEncoding = 4; lastKnownFileType = sourcecode.swift; path = VacancyDetailViewController.swift; sourceTree = "<group>"; };
		1053CE0D2B5BAEFC00585A91 /* Model.swift */ = {isa = PBXFileReference; fileEncoding = 4; lastKnownFileType = sourcecode.swift; path = Model.swift; sourceTree = "<group>"; };
		1053CE0E2B5BAEFC00585A91 /* Log.swift */ = {isa = PBXFileReference; fileEncoding = 4; lastKnownFileType = sourcecode.swift; path = Log.swift; sourceTree = "<group>"; };
		1053CE0F2B5BAEFC00585A91 /* Vacancy.swift */ = {isa = PBXFileReference; fileEncoding = 4; lastKnownFileType = sourcecode.swift; path = Vacancy.swift; sourceTree = "<group>"; };
		1053CE102B5BAEFC00585A91 /* Vacancy + Data.swift */ = {isa = PBXFileReference; fileEncoding = 4; lastKnownFileType = sourcecode.swift; path = "Vacancy + Data.swift"; sourceTree = "<group>"; };
		1053CE162B5BAF0400585A91 /* Api.swift */ = {isa = PBXFileReference; fileEncoding = 4; lastKnownFileType = sourcecode.swift; path = Api.swift; sourceTree = "<group>"; };
		1053CE192B5BAF1400585A91 /* Storage.swift */ = {isa = PBXFileReference; fileEncoding = 4; lastKnownFileType = sourcecode.swift; path = Storage.swift; sourceTree = "<group>"; };
		1053CE1A2B5BAF1400585A91 /* VacancyStorage.swift */ = {isa = PBXFileReference; fileEncoding = 4; lastKnownFileType = sourcecode.swift; path = VacancyStorage.swift; sourceTree = "<group>"; };
		1053CE1B2B5BAF1400585A91 /* StorageError.swift */ = {isa = PBXFileReference; fileEncoding = 4; lastKnownFileType = sourcecode.swift; path = StorageError.swift; sourceTree = "<group>"; };
		1053CE212B5BAF2100585A91 /* VacancyCell.swift */ = {isa = PBXFileReference; fileEncoding = 4; lastKnownFileType = sourcecode.swift; path = VacancyCell.swift; sourceTree = "<group>"; };
		1053CE222B5BAF2100585A91 /* VacancyCell.xib */ = {isa = PBXFileReference; fileEncoding = 4; lastKnownFileType = file.xib; path = VacancyCell.xib; sourceTree = "<group>"; };
		1053CE232B5BAF2100585A91 /* DetailTextLabel.swift */ = {isa = PBXFileReference; fileEncoding = 4; lastKnownFileType = sourcecode.swift; path = DetailTextLabel.swift; sourceTree = "<group>"; };
		1053CE242B5BAF2100585A91 /* FavouriteTrailingAction.swift */ = {isa = PBXFileReference; fileEncoding = 4; lastKnownFileType = sourcecode.swift; path = FavouriteTrailingAction.swift; sourceTree = "<group>"; };
		1053CE252B5BAF2100585A91 /* FavouriteImageView.swift */ = {isa = PBXFileReference; fileEncoding = 4; lastKnownFileType = sourcecode.swift; path = FavouriteImageView.swift; sourceTree = "<group>"; };
		1053CE262B5BAF2100585A91 /* DetailTitleLabel.swift */ = {isa = PBXFileReference; fileEncoding = 4; lastKnownFileType = sourcecode.swift; path = DetailTitleLabel.swift; sourceTree = "<group>"; };
		1053CE272B5BAF2100585A91 /* FavouriteButton.swift */ = {isa = PBXFileReference; fileEncoding = 4; lastKnownFileType = sourcecode.swift; path = FavouriteButton.swift; sourceTree = "<group>"; };
		1053CE292B5BAF2100585A91 /* TabBarController.swift */ = {isa = PBXFileReference; fileEncoding = 4; lastKnownFileType = sourcecode.swift; path = TabBarController.swift; sourceTree = "<group>"; };
		1053CE332B5BAF3D00585A91 /* Notification + Extension.swift */ = {isa = PBXFileReference; fileEncoding = 4; lastKnownFileType = sourcecode.swift; path = "Notification + Extension.swift"; sourceTree = "<group>"; };
/* End PBXFileReference section */

/* Begin PBXFrameworksBuildPhase section */
		1053CDE12B5BAE6000585A91 /* Frameworks */ = {
			isa = PBXFrameworksBuildPhase;
			buildActionMask = 2147483647;
			files = (
			);
			runOnlyForDeploymentPostprocessing = 0;
		};
/* End PBXFrameworksBuildPhase section */

/* Begin PBXGroup section */
		1053CDDB2B5BAE6000585A91 = {
			isa = PBXGroup;
			children = (
				1053CDE62B5BAE6000585A91 /* HeadHunterClone */,
				1053CDE52B5BAE6000585A91 /* Products */,
			);
			sourceTree = "<group>";
		};
		1053CDE52B5BAE6000585A91 /* Products */ = {
			isa = PBXGroup;
			children = (
				1053CDE42B5BAE6000585A91 /* HeadHunterClone.app */,
			);
			name = Products;
			sourceTree = "<group>";
		};
		1053CDE62B5BAE6000585A91 /* HeadHunterClone */ = {
			isa = PBXGroup;
			children = (
				1053CE322B5BAF3D00585A91 /* Notification */,
				1053CE1F2B5BAF2100585A91 /* UI */,
				1053CE182B5BAF1400585A91 /* Storage */,
				1053CE152B5BAF0400585A91 /* Api */,
				1053CE0C2B5BAEFC00585A91 /* Model */,
				1053CDFB2B5BAE8500585A91 /* Supporting Files */,
				1053CDFC2B5BAEDD00585A91 /* Views */,
			);
			path = HeadHunterClone;
			sourceTree = "<group>";
		};
		1053CDFB2B5BAE8500585A91 /* Supporting Files */ = {
			isa = PBXGroup;
			children = (
				1053CDE72B5BAE6000585A91 /* AppDelegate.swift */,
				1053CDE92B5BAE6000585A91 /* SceneDelegate.swift */,
				1053CDED2B5BAE6000585A91 /* Main.storyboard */,
				1053CDF02B5BAE6100585A91 /* Assets.xcassets */,
				1053CDF22B5BAE6100585A91 /* LaunchScreen.storyboard */,
				1053CDF52B5BAE6100585A91 /* Info.plist */,
			);
			path = "Supporting Files";
			sourceTree = "<group>";
		};
		1053CDFC2B5BAEDD00585A91 /* Views */ = {
			isa = PBXGroup;
			children = (
				1053CE282B5BAF2100585A91 /* TabBarController */,
				1053CDFD2B5BAEDD00585A91 /* FavouriteVacancyListViewController */,
				1053CE002B5BAEDD00585A91 /* VacancyListViewController */,
				1053CE032B5BAEDD00585A91 /* VacancyDetailViewPresenter */,
			);
			path = Views;
			sourceTree = "<group>";
		};
		1053CDFD2B5BAEDD00585A91 /* FavouriteVacancyListViewController */ = {
			isa = PBXGroup;
			children = (
				1053CDFE2B5BAEDD00585A91 /* FavouriteVacancyListPresenter.swift */,
				1053CDFF2B5BAEDD00585A91 /* FavouriteVacancyListViewController.swift */,
			);
			path = FavouriteVacancyListViewController;
			sourceTree = "<group>";
		};
		1053CE002B5BAEDD00585A91 /* VacancyListViewController */ = {
			isa = PBXGroup;
			children = (
				1053CE012B5BAEDD00585A91 /* VacancyListPresenter.swift */,
				1053CE022B5BAEDD00585A91 /* VacancyListViewController.swift */,
			);
			path = VacancyListViewController;
			sourceTree = "<group>";
		};
		1053CE032B5BAEDD00585A91 /* VacancyDetailViewPresenter */ = {
			isa = PBXGroup;
			children = (
				1053CE042B5BAEDD00585A91 /* VacancyDetailViewPresenter.swift */,
				1053CE052B5BAEDD00585A91 /* VacancyDetailViewController.swift */,
			);
			path = VacancyDetailViewPresenter;
			sourceTree = "<group>";
		};
		1053CE0C2B5BAEFC00585A91 /* Model */ = {
			isa = PBXGroup;
			children = (
				1053CE0D2B5BAEFC00585A91 /* Model.swift */,
				1053CE0E2B5BAEFC00585A91 /* Log.swift */,
				1053CE0F2B5BAEFC00585A91 /* Vacancy.swift */,
				1053CE102B5BAEFC00585A91 /* Vacancy + Data.swift */,
			);
			path = Model;
			sourceTree = "<group>";
		};
		1053CE152B5BAF0400585A91 /* Api */ = {
			isa = PBXGroup;
			children = (
				1053CE162B5BAF0400585A91 /* Api.swift */,
			);
			path = Api;
			sourceTree = "<group>";
		};
		1053CE182B5BAF1400585A91 /* Storage */ = {
			isa = PBXGroup;
			children = (
				1053CE192B5BAF1400585A91 /* Storage.swift */,
				1053CE1A2B5BAF1400585A91 /* VacancyStorage.swift */,
				1053CE1B2B5BAF1400585A91 /* StorageError.swift */,
			);
			path = Storage;
			sourceTree = "<group>";
		};
		1053CE1F2B5BAF2100585A91 /* UI */ = {
			isa = PBXGroup;
			children = (
				1053CE202B5BAF2100585A91 /* Xib */,
				1053CE232B5BAF2100585A91 /* DetailTextLabel.swift */,
				1053CE242B5BAF2100585A91 /* FavouriteTrailingAction.swift */,
				1053CE252B5BAF2100585A91 /* FavouriteImageView.swift */,
				1053CE262B5BAF2100585A91 /* DetailTitleLabel.swift */,
				1053CE272B5BAF2100585A91 /* FavouriteButton.swift */,
			);
			path = UI;
			sourceTree = "<group>";
		};
		1053CE202B5BAF2100585A91 /* Xib */ = {
			isa = PBXGroup;
			children = (
				1053CE212B5BAF2100585A91 /* VacancyCell.swift */,
				1053CE222B5BAF2100585A91 /* VacancyCell.xib */,
			);
			path = Xib;
			sourceTree = "<group>";
		};
		1053CE282B5BAF2100585A91 /* TabBarController */ = {
			isa = PBXGroup;
			children = (
				1053CE292B5BAF2100585A91 /* TabBarController.swift */,
			);
			path = TabBarController;
			sourceTree = "<group>";
		};
		1053CE322B5BAF3D00585A91 /* Notification */ = {
			isa = PBXGroup;
			children = (
				1053CE332B5BAF3D00585A91 /* Notification + Extension.swift */,
			);
			path = Notification;
			sourceTree = "<group>";
		};
/* End PBXGroup section */

/* Begin PBXNativeTarget section */
		1053CDE32B5BAE6000585A91 /* HeadHunterClone */ = {
			isa = PBXNativeTarget;
			buildConfigurationList = 1053CDF82B5BAE6100585A91 /* Build configuration list for PBXNativeTarget "HeadHunterClone" */;
			buildPhases = (
				1053CDE02B5BAE6000585A91 /* Sources */,
				1053CDE12B5BAE6000585A91 /* Frameworks */,
				1053CDE22B5BAE6000585A91 /* Resources */,
			);
			buildRules = (
			);
			dependencies = (
			);
			name = HeadHunterClone;
			productName = HeadHunterClone;
			productReference = 1053CDE42B5BAE6000585A91 /* HeadHunterClone.app */;
			productType = "com.apple.product-type.application";
		};
/* End PBXNativeTarget section */

/* Begin PBXProject section */
		1053CDDC2B5BAE6000585A91 /* Project object */ = {
			isa = PBXProject;
			attributes = {
				BuildIndependentTargetsInParallel = 1;
				LastSwiftUpdateCheck = 1420;
				LastUpgradeCheck = 1420;
				TargetAttributes = {
					1053CDE32B5BAE6000585A91 = {
						CreatedOnToolsVersion = 14.2;
					};
				};
			};
			buildConfigurationList = 1053CDDF2B5BAE6000585A91 /* Build configuration list for PBXProject "HeadHunterClone" */;
			compatibilityVersion = "Xcode 14.0";
			developmentRegion = en;
			hasScannedForEncodings = 0;
			knownRegions = (
				en,
				Base,
			);
			mainGroup = 1053CDDB2B5BAE6000585A91;
			productRefGroup = 1053CDE52B5BAE6000585A91 /* Products */;
			projectDirPath = "";
			projectRoot = "";
			targets = (
				1053CDE32B5BAE6000585A91 /* HeadHunterClone */,
			);
		};
/* End PBXProject section */

/* Begin PBXResourcesBuildPhase section */
		1053CDE22B5BAE6000585A91 /* Resources */ = {
			isa = PBXResourcesBuildPhase;
			buildActionMask = 2147483647;
			files = (
				1053CDF42B5BAE6100585A91 /* LaunchScreen.storyboard in Resources */,
				1053CE2B2B5BAF2100585A91 /* VacancyCell.xib in Resources */,
				1053CDF12B5BAE6100585A91 /* Assets.xcassets in Resources */,
				1053CDEF2B5BAE6000585A91 /* Main.storyboard in Resources */,
			);
			runOnlyForDeploymentPostprocessing = 0;
		};
/* End PBXResourcesBuildPhase section */

/* Begin PBXSourcesBuildPhase section */
		1053CDE02B5BAE6000585A91 /* Sources */ = {
			isa = PBXSourcesBuildPhase;
			buildActionMask = 2147483647;
			files = (
				1053CE2C2B5BAF2100585A91 /* DetailTextLabel.swift in Sources */,
				1053CE112B5BAEFC00585A91 /* Model.swift in Sources */,
				1053CE1C2B5BAF1400585A91 /* Storage.swift in Sources */,
				1053CE092B5BAEDD00585A91 /* VacancyListViewController.swift in Sources */,
				1053CE2A2B5BAF2100585A91 /* VacancyCell.swift in Sources */,
				1053CE312B5BAF2100585A91 /* TabBarController.swift in Sources */,
				1053CE122B5BAEFC00585A91 /* Log.swift in Sources */,
				1053CE2E2B5BAF2100585A91 /* FavouriteImageView.swift in Sources */,
				1053CE342B5BAF3D00585A91 /* Notification + Extension.swift in Sources */,
				1053CE302B5BAF2100585A91 /* FavouriteButton.swift in Sources */,
				1053CE132B5BAEFC00585A91 /* Vacancy.swift in Sources */,
				1053CE0B2B5BAEDD00585A91 /* VacancyDetailViewController.swift in Sources */,
				1053CE142B5BAEFC00585A91 /* Vacancy + Data.swift in Sources */,
				1053CE172B5BAF0400585A91 /* Api.swift in Sources */,
				1053CE0A2B5BAEDD00585A91 /* VacancyDetailViewPresenter.swift in Sources */,
				1053CE072B5BAEDD00585A91 /* FavouriteVacancyListViewController.swift in Sources */,
				1053CDE82B5BAE6000585A91 /* AppDelegate.swift in Sources */,
				1053CE062B5BAEDD00585A91 /* FavouriteVacancyListPresenter.swift in Sources */,
				1053CE1E2B5BAF1400585A91 /* StorageError.swift in Sources */,
				1053CE2F2B5BAF2100585A91 /* DetailTitleLabel.swift in Sources */,
				1053CE2D2B5BAF2100585A91 /* FavouriteTrailingAction.swift in Sources */,
				1053CDEA2B5BAE6000585A91 /* SceneDelegate.swift in Sources */,
				1053CE1D2B5BAF1400585A91 /* VacancyStorage.swift in Sources */,
				1053CE082B5BAEDD00585A91 /* VacancyListPresenter.swift in Sources */,
			);
			runOnlyForDeploymentPostprocessing = 0;
		};
/* End PBXSourcesBuildPhase section */

/* Begin PBXVariantGroup section */
		1053CDED2B5BAE6000585A91 /* Main.storyboard */ = {
			isa = PBXVariantGroup;
			children = (
				1053CDEE2B5BAE6000585A91 /* Base */,
			);
			name = Main.storyboard;
			sourceTree = "<group>";
		};
		1053CDF22B5BAE6100585A91 /* LaunchScreen.storyboard */ = {
			isa = PBXVariantGroup;
			children = (
				1053CDF32B5BAE6100585A91 /* Base */,
			);
			name = LaunchScreen.storyboard;
			sourceTree = "<group>";
		};
/* End PBXVariantGroup section */

/* Begin XCBuildConfiguration section */
		1053CDF62B5BAE6100585A91 /* Debug */ = {
			isa = XCBuildConfiguration;
			buildSettings = {
				ALWAYS_SEARCH_USER_PATHS = NO;
				CLANG_ANALYZER_NONNULL = YES;
				CLANG_ANALYZER_NUMBER_OBJECT_CONVERSION = YES_AGGRESSIVE;
				CLANG_CXX_LANGUAGE_STANDARD = "gnu++20";
				CLANG_ENABLE_MODULES = YES;
				CLANG_ENABLE_OBJC_ARC = YES;
				CLANG_ENABLE_OBJC_WEAK = YES;
				CLANG_WARN_BLOCK_CAPTURE_AUTORELEASING = YES;
				CLANG_WARN_BOOL_CONVERSION = YES;
				CLANG_WARN_COMMA = YES;
				CLANG_WARN_CONSTANT_CONVERSION = YES;
				CLANG_WARN_DEPRECATED_OBJC_IMPLEMENTATIONS = YES;
				CLANG_WARN_DIRECT_OBJC_ISA_USAGE = YES_ERROR;
				CLANG_WARN_DOCUMENTATION_COMMENTS = YES;
				CLANG_WARN_EMPTY_BODY = YES;
				CLANG_WARN_ENUM_CONVERSION = YES;
				CLANG_WARN_INFINITE_RECURSION = YES;
				CLANG_WARN_INT_CONVERSION = YES;
				CLANG_WARN_NON_LITERAL_NULL_CONVERSION = YES;
				CLANG_WARN_OBJC_IMPLICIT_RETAIN_SELF = YES;
				CLANG_WARN_OBJC_LITERAL_CONVERSION = YES;
				CLANG_WARN_OBJC_ROOT_CLASS = YES_ERROR;
				CLANG_WARN_QUOTED_INCLUDE_IN_FRAMEWORK_HEADER = YES;
				CLANG_WARN_RANGE_LOOP_ANALYSIS = YES;
				CLANG_WARN_STRICT_PROTOTYPES = YES;
				CLANG_WARN_SUSPICIOUS_MOVE = YES;
				CLANG_WARN_UNGUARDED_AVAILABILITY = YES_AGGRESSIVE;
				CLANG_WARN_UNREACHABLE_CODE = YES;
				CLANG_WARN__DUPLICATE_METHOD_MATCH = YES;
				COPY_PHASE_STRIP = NO;
				DEBUG_INFORMATION_FORMAT = dwarf;
				ENABLE_STRICT_OBJC_MSGSEND = YES;
				ENABLE_TESTABILITY = YES;
				GCC_C_LANGUAGE_STANDARD = gnu11;
				GCC_DYNAMIC_NO_PIC = NO;
				GCC_NO_COMMON_BLOCKS = YES;
				GCC_OPTIMIZATION_LEVEL = 0;
				GCC_PREPROCESSOR_DEFINITIONS = (
					"DEBUG=1",
					"$(inherited)",
				);
				GCC_WARN_64_TO_32_BIT_CONVERSION = YES;
				GCC_WARN_ABOUT_RETURN_TYPE = YES_ERROR;
				GCC_WARN_UNDECLARED_SELECTOR = YES;
				GCC_WARN_UNINITIALIZED_AUTOS = YES_AGGRESSIVE;
				GCC_WARN_UNUSED_FUNCTION = YES;
				GCC_WARN_UNUSED_VARIABLE = YES;
				IPHONEOS_DEPLOYMENT_TARGET = 16.2;
				MTL_ENABLE_DEBUG_INFO = INCLUDE_SOURCE;
				MTL_FAST_MATH = YES;
				ONLY_ACTIVE_ARCH = YES;
				SDKROOT = iphoneos;
				SWIFT_ACTIVE_COMPILATION_CONDITIONS = DEBUG;
				SWIFT_OPTIMIZATION_LEVEL = "-Onone";
			};
			name = Debug;
		};
		1053CDF72B5BAE6100585A91 /* Release */ = {
			isa = XCBuildConfiguration;
			buildSettings = {
				ALWAYS_SEARCH_USER_PATHS = NO;
				CLANG_ANALYZER_NONNULL = YES;
				CLANG_ANALYZER_NUMBER_OBJECT_CONVERSION = YES_AGGRESSIVE;
				CLANG_CXX_LANGUAGE_STANDARD = "gnu++20";
				CLANG_ENABLE_MODULES = YES;
				CLANG_ENABLE_OBJC_ARC = YES;
				CLANG_ENABLE_OBJC_WEAK = YES;
				CLANG_WARN_BLOCK_CAPTURE_AUTORELEASING = YES;
				CLANG_WARN_BOOL_CONVERSION = YES;
				CLANG_WARN_COMMA = YES;
				CLANG_WARN_CONSTANT_CONVERSION = YES;
				CLANG_WARN_DEPRECATED_OBJC_IMPLEMENTATIONS = YES;
				CLANG_WARN_DIRECT_OBJC_ISA_USAGE = YES_ERROR;
				CLANG_WARN_DOCUMENTATION_COMMENTS = YES;
				CLANG_WARN_EMPTY_BODY = YES;
				CLANG_WARN_ENUM_CONVERSION = YES;
				CLANG_WARN_INFINITE_RECURSION = YES;
				CLANG_WARN_INT_CONVERSION = YES;
				CLANG_WARN_NON_LITERAL_NULL_CONVERSION = YES;
				CLANG_WARN_OBJC_IMPLICIT_RETAIN_SELF = YES;
				CLANG_WARN_OBJC_LITERAL_CONVERSION = YES;
				CLANG_WARN_OBJC_ROOT_CLASS = YES_ERROR;
				CLANG_WARN_QUOTED_INCLUDE_IN_FRAMEWORK_HEADER = YES;
				CLANG_WARN_RANGE_LOOP_ANALYSIS = YES;
				CLANG_WARN_STRICT_PROTOTYPES = YES;
				CLANG_WARN_SUSPICIOUS_MOVE = YES;
				CLANG_WARN_UNGUARDED_AVAILABILITY = YES_AGGRESSIVE;
				CLANG_WARN_UNREACHABLE_CODE = YES;
				CLANG_WARN__DUPLICATE_METHOD_MATCH = YES;
				COPY_PHASE_STRIP = NO;
				DEBUG_INFORMATION_FORMAT = "dwarf-with-dsym";
				ENABLE_NS_ASSERTIONS = NO;
				ENABLE_STRICT_OBJC_MSGSEND = YES;
				GCC_C_LANGUAGE_STANDARD = gnu11;
				GCC_NO_COMMON_BLOCKS = YES;
				GCC_WARN_64_TO_32_BIT_CONVERSION = YES;
				GCC_WARN_ABOUT_RETURN_TYPE = YES_ERROR;
				GCC_WARN_UNDECLARED_SELECTOR = YES;
				GCC_WARN_UNINITIALIZED_AUTOS = YES_AGGRESSIVE;
				GCC_WARN_UNUSED_FUNCTION = YES;
				GCC_WARN_UNUSED_VARIABLE = YES;
				IPHONEOS_DEPLOYMENT_TARGET = 16.2;
				MTL_ENABLE_DEBUG_INFO = NO;
				MTL_FAST_MATH = YES;
				SDKROOT = iphoneos;
				SWIFT_COMPILATION_MODE = wholemodule;
				SWIFT_OPTIMIZATION_LEVEL = "-O";
				VALIDATE_PRODUCT = YES;
			};
			name = Release;
		};
		1053CDF92B5BAE6100585A91 /* Debug */ = {
			isa = XCBuildConfiguration;
			buildSettings = {
				ASSETCATALOG_COMPILER_APPICON_NAME = AppIcon;
				ASSETCATALOG_COMPILER_GLOBAL_ACCENT_COLOR_NAME = AccentColor;
				CODE_SIGN_STYLE = Automatic;
				CURRENT_PROJECT_VERSION = 1;
				DEVELOPMENT_TEAM = KTV28US9SX;
				GENERATE_INFOPLIST_FILE = YES;
				INFOPLIST_FILE = "HeadHunterClone/Supporting Files/Info.plist";
				INFOPLIST_KEY_UIApplicationSupportsIndirectInputEvents = YES;
				INFOPLIST_KEY_UILaunchStoryboardName = LaunchScreen;
				INFOPLIST_KEY_UIMainStoryboardFile = Main;
				INFOPLIST_KEY_UISupportedInterfaceOrientations_iPad = "UIInterfaceOrientationPortrait UIInterfaceOrientationPortraitUpsideDown UIInterfaceOrientationLandscapeLeft UIInterfaceOrientationLandscapeRight";
				INFOPLIST_KEY_UISupportedInterfaceOrientations_iPhone = "UIInterfaceOrientationPortrait UIInterfaceOrientationLandscapeLeft UIInterfaceOrientationLandscapeRight";
				LD_RUNPATH_SEARCH_PATHS = (
					"$(inherited)",
					"@executable_path/Frameworks",
				);
				MARKETING_VERSION = 1.0;
				PRODUCT_BUNDLE_IDENTIFIER = com.sapgv.HeadHunterClone;
				PRODUCT_NAME = "$(TARGET_NAME)";
				SWIFT_EMIT_LOC_STRINGS = YES;
				SWIFT_VERSION = 5.0;
				TARGETED_DEVICE_FAMILY = "1,2";
			};
			name = Debug;
		};
		1053CDFA2B5BAE6100585A91 /* Release */ = {
			isa = XCBuildConfiguration;
			buildSettings = {
				ASSETCATALOG_COMPILER_APPICON_NAME = AppIcon;
				ASSETCATALOG_COMPILER_GLOBAL_ACCENT_COLOR_NAME = AccentColor;
				CODE_SIGN_STYLE = Automatic;
				CURRENT_PROJECT_VERSION = 1;
				DEVELOPMENT_TEAM = KTV28US9SX;
				GENERATE_INFOPLIST_FILE = YES;
				INFOPLIST_FILE = "HeadHunterClone/Supporting Files/Info.plist";
				INFOPLIST_KEY_UIApplicationSupportsIndirectInputEvents = YES;
				INFOPLIST_KEY_UILaunchStoryboardName = LaunchScreen;
				INFOPLIST_KEY_UIMainStoryboardFile = Main;
				INFOPLIST_KEY_UISupportedInterfaceOrientations_iPad = "UIInterfaceOrientationPortrait UIInterfaceOrientationPortraitUpsideDown UIInterfaceOrientationLandscapeLeft UIInterfaceOrientationLandscapeRight";
				INFOPLIST_KEY_UISupportedInterfaceOrientations_iPhone = "UIInterfaceOrientationPortrait UIInterfaceOrientationLandscapeLeft UIInterfaceOrientationLandscapeRight";
				LD_RUNPATH_SEARCH_PATHS = (
					"$(inherited)",
					"@executable_path/Frameworks",
				);
				MARKETING_VERSION = 1.0;
				PRODUCT_BUNDLE_IDENTIFIER = com.sapgv.HeadHunterClone;
				PRODUCT_NAME = "$(TARGET_NAME)";
				SWIFT_EMIT_LOC_STRINGS = YES;
				SWIFT_VERSION = 5.0;
				TARGETED_DEVICE_FAMILY = "1,2";
			};
			name = Release;
		};
/* End XCBuildConfiguration section */

/* Begin XCConfigurationList section */
		1053CDDF2B5BAE6000585A91 /* Build configuration list for PBXProject "HeadHunterClone" */ = {
			isa = XCConfigurationList;
			buildConfigurations = (
				1053CDF62B5BAE6100585A91 /* Debug */,
				1053CDF72B5BAE6100585A91 /* Release */,
			);
			defaultConfigurationIsVisible = 0;
			defaultConfigurationName = Release;
		};
		1053CDF82B5BAE6100585A91 /* Build configuration list for PBXNativeTarget "HeadHunterClone" */ = {
			isa = XCConfigurationList;
			buildConfigurations = (
				1053CDF92B5BAE6100585A91 /* Debug */,
				1053CDFA2B5BAE6100585A91 /* Release */,
			);
			defaultConfigurationIsVisible = 0;
			defaultConfigurationName = Release;
		};
/* End XCConfigurationList section */
	};
	rootObject = 1053CDDC2B5BAE6000585A91 /* Project object */;
}
