// !$*UTF8*$!
{
	archiveVersion = 1;
	classes = {
	};
	objectVersion = 56;
	objects = {

/* Begin PBXBuildFile section */
		101C01442B5FB60700F2D93A /* SolaryPresenter.swift in Sources */ = {isa = PBXBuildFile; fileRef = 101C01432B5FB60700F2D93A /* SolaryPresenter.swift */; };
		101C01462B5FB68900F2D93A /* SolaryFormatter.swift in Sources */ = {isa = PBXBuildFile; fileRef = 101C01452B5FB68900F2D93A /* SolaryFormatter.swift */; };
		101C01482B5FB94700F2D93A /* SettingsViewController.swift in Sources */ = {isa = PBXBuildFile; fileRef = 101C01472B5FB94700F2D93A /* SettingsViewController.swift */; };
		101C014B2B5FB9FA00F2D93A /* SettingsViewPresenter.swift in Sources */ = {isa = PBXBuildFile; fileRef = 101C014A2B5FB9FA00F2D93A /* SettingsViewPresenter.swift */; };
		101C014E2B5FBA9300F2D93A /* SettingsSwitchCell.swift in Sources */ = {isa = PBXBuildFile; fileRef = 101C014C2B5FBA9300F2D93A /* SettingsSwitchCell.swift */; };
		101C014F2B5FBA9300F2D93A /* SettingsSwitchCell.xib in Resources */ = {isa = PBXBuildFile; fileRef = 101C014D2B5FBA9300F2D93A /* SettingsSwitchCell.xib */; };
		101C01532B5FC41E00F2D93A /* UserDefaults + Extensions.swift in Sources */ = {isa = PBXBuildFile; fileRef = 101C01522B5FC41E00F2D93A /* UserDefaults + Extensions.swift */; };
		101C01582B5FCD2F00F2D93A /* SettingsStorage.swift in Sources */ = {isa = PBXBuildFile; fileRef = 101C01572B5FCD2F00F2D93A /* SettingsStorage.swift */; };
		1053CDE82B5BAE6000585A91 /* AppDelegate.swift in Sources */ = {isa = PBXBuildFile; fileRef = 1053CDE72B5BAE6000585A91 /* AppDelegate.swift */; };
		1053CDEA2B5BAE6000585A91 /* SceneDelegate.swift in Sources */ = {isa = PBXBuildFile; fileRef = 1053CDE92B5BAE6000585A91 /* SceneDelegate.swift */; };
		1053CDEF2B5BAE6000585A91 /* Main.storyboard in Resources */ = {isa = PBXBuildFile; fileRef = 1053CDED2B5BAE6000585A91 /* Main.storyboard */; };
		1053CDF12B5BAE6100585A91 /* Assets.xcassets in Resources */ = {isa = PBXBuildFile; fileRef = 1053CDF02B5BAE6100585A91 /* Assets.xcassets */; };
		1053CDF42B5BAE6100585A91 /* LaunchScreen.storyboard in Resources */ = {isa = PBXBuildFile; fileRef = 1053CDF22B5BAE6100585A91 /* LaunchScreen.storyboard */; };
		1053CE062B5BAEDD00585A91 /* FavouriteVacancyListPresenter.swift in Sources */ = {isa = PBXBuildFile; fileRef = 1053CDFE2B5BAEDD00585A91 /* FavouriteVacancyListPresenter.swift */; };
		1053CE072B5BAEDD00585A91 /* FavouriteVacancyListViewController.swift in Sources */ = {isa = PBXBuildFile; fileRef = 1053CDFF2B5BAEDD00585A91 /* FavouriteVacancyListViewController.swift */; };
		1053CE082B5BAEDD00585A91 /* VacancyListPresenter.swift in Sources */ = {isa = PBXBuildFile; fileRef = 1053CE012B5BAEDD00585A91 /* VacancyListPresenter.swift */; };
		1053CE092B5BAEDD00585A91 /* VacancyListViewController.swift in Sources */ = {isa = PBXBuildFile; fileRef = 1053CE022B5BAEDD00585A91 /* VacancyListViewController.swift */; };
		1053CE0A2B5BAEDD00585A91 /* VacancyDetailViewPresenter.swift in Sources */ = {isa = PBXBuildFile; fileRef = 1053CE042B5BAEDD00585A91 /* VacancyDetailViewPresenter.swift */; };
		1053CE0B2B5BAEDD00585A91 /* VacancyDetailViewController.swift in Sources */ = {isa = PBXBuildFile; fileRef = 1053CE052B5BAEDD00585A91 /* VacancyDetailViewController.swift */; };
		1053CE112B5BAEFC00585A91 /* Model.swift in Sources */ = {isa = PBXBuildFile; fileRef = 1053CE0D2B5BAEFC00585A91 /* Model.swift */; };
		1053CE122B5BAEFC00585A91 /* Log.swift in Sources */ = {isa = PBXBuildFile; fileRef = 1053CE0E2B5BAEFC00585A91 /* Log.swift */; };
		1053CE132B5BAEFC00585A91 /* Vacancy.swift in Sources */ = {isa = PBXBuildFile; fileRef = 1053CE0F2B5BAEFC00585A91 /* Vacancy.swift */; };
		1053CE142B5BAEFC00585A91 /* Vacancy + Data.swift in Sources */ = {isa = PBXBuildFile; fileRef = 1053CE102B5BAEFC00585A91 /* Vacancy + Data.swift */; };
		1053CE172B5BAF0400585A91 /* Api.swift in Sources */ = {isa = PBXBuildFile; fileRef = 1053CE162B5BAF0400585A91 /* Api.swift */; };
		1053CE1C2B5BAF1400585A91 /* Storage.swift in Sources */ = {isa = PBXBuildFile; fileRef = 1053CE192B5BAF1400585A91 /* Storage.swift */; };
		1053CE1D2B5BAF1400585A91 /* VacancyStorage.swift in Sources */ = {isa = PBXBuildFile; fileRef = 1053CE1A2B5BAF1400585A91 /* VacancyStorage.swift */; };
		1053CE1E2B5BAF1400585A91 /* StorageError.swift in Sources */ = {isa = PBXBuildFile; fileRef = 1053CE1B2B5BAF1400585A91 /* StorageError.swift */; };
		1053CE2A2B5BAF2100585A91 /* VacancyCell.swift in Sources */ = {isa = PBXBuildFile; fileRef = 1053CE212B5BAF2100585A91 /* VacancyCell.swift */; };
		1053CE2B2B5BAF2100585A91 /* VacancyCell.xib in Resources */ = {isa = PBXBuildFile; fileRef = 1053CE222B5BAF2100585A91 /* VacancyCell.xib */; };
		1053CE2C2B5BAF2100585A91 /* DetailTextLabel.swift in Sources */ = {isa = PBXBuildFile; fileRef = 1053CE232B5BAF2100585A91 /* DetailTextLabel.swift */; };
		1053CE2D2B5BAF2100585A91 /* FavouriteTrailingAction.swift in Sources */ = {isa = PBXBuildFile; fileRef = 1053CE242B5BAF2100585A91 /* FavouriteTrailingAction.swift */; };
		1053CE2E2B5BAF2100585A91 /* FavouriteImageView.swift in Sources */ = {isa = PBXBuildFile; fileRef = 1053CE252B5BAF2100585A91 /* FavouriteImageView.swift */; };
		1053CE2F2B5BAF2100585A91 /* DetailTitleLabel.swift in Sources */ = {isa = PBXBuildFile; fileRef = 1053CE262B5BAF2100585A91 /* DetailTitleLabel.swift */; };
		1053CE302B5BAF2100585A91 /* FavouriteButton.swift in Sources */ = {isa = PBXBuildFile; fileRef = 1053CE272B5BAF2100585A91 /* FavouriteButton.swift */; };
		1053CE312B5BAF2100585A91 /* TabBarController.swift in Sources */ = {isa = PBXBuildFile; fileRef = 1053CE292B5BAF2100585A91 /* TabBarController.swift */; };
		1053CE342B5BAF3D00585A91 /* Notification + Extension.swift in Sources */ = {isa = PBXBuildFile; fileRef = 1053CE332B5BAF3D00585A91 /* Notification + Extension.swift */; };
		1053CE372B5BBC2B00585A91 /* JDropDownAlert.swift in Sources */ = {isa = PBXBuildFile; fileRef = 1053CE362B5BBC2B00585A91 /* JDropDownAlert.swift */; };
		1053CE3A2B5BBD3000585A91 /* AppAlert.swift in Sources */ = {isa = PBXBuildFile; fileRef = 1053CE392B5BBD3000585A91 /* AppAlert.swift */; };
		1053CE3C2B5BBE0300585A91 /* JDropDownAlert + AppAlert.swift in Sources */ = {isa = PBXBuildFile; fileRef = 1053CE3B2B5BBE0300585A91 /* JDropDownAlert + AppAlert.swift */; };
		1053CE3E2B5BBEA700585A91 /* AlertUI.swift in Sources */ = {isa = PBXBuildFile; fileRef = 1053CE3D2B5BBEA700585A91 /* AlertUI.swift */; };
		1053CE402B5BC33400585A91 /* AlertView.swift in Sources */ = {isa = PBXBuildFile; fileRef = 1053CE3F2B5BC33400585A91 /* AlertView.swift */; };
		40DADA99E38658F266FABE36 /* Pods_HeadHunterClone.framework in Frameworks */ = {isa = PBXBuildFile; fileRef = DB50A4C3847BEC34EA92864C /* Pods_HeadHunterClone.framework */; };
/* End PBXBuildFile section */

/* Begin PBXFileReference section */
		101C01432B5FB60700F2D93A /* SolaryPresenter.swift */ = {isa = PBXFileReference; lastKnownFileType = sourcecode.swift; path = SolaryPresenter.swift; sourceTree = "<group>"; };
		101C01452B5FB68900F2D93A /* SolaryFormatter.swift */ = {isa = PBXFileReference; lastKnownFileType = sourcecode.swift; path = SolaryFormatter.swift; sourceTree = "<group>"; };
		101C01472B5FB94700F2D93A /* SettingsViewController.swift */ = {isa = PBXFileReference; lastKnownFileType = sourcecode.swift; path = SettingsViewController.swift; sourceTree = "<group>"; };
		101C014A2B5FB9FA00F2D93A /* SettingsViewPresenter.swift */ = {isa = PBXFileReference; lastKnownFileType = sourcecode.swift; path = SettingsViewPresenter.swift; sourceTree = "<group>"; };
		101C014C2B5FBA9300F2D93A /* SettingsSwitchCell.swift */ = {isa = PBXFileReference; lastKnownFileType = sourcecode.swift; path = SettingsSwitchCell.swift; sourceTree = "<group>"; };
		101C014D2B5FBA9300F2D93A /* SettingsSwitchCell.xib */ = {isa = PBXFileReference; lastKnownFileType = file.xib; path = SettingsSwitchCell.xib; sourceTree = "<group>"; };
		101C01522B5FC41E00F2D93A /* UserDefaults + Extensions.swift */ = {isa = PBXFileReference; lastKnownFileType = sourcecode.swift; path = "UserDefaults + Extensions.swift"; sourceTree = "<group>"; };
		101C01572B5FCD2F00F2D93A /* SettingsStorage.swift */ = {isa = PBXFileReference; lastKnownFileType = sourcecode.swift; path = SettingsStorage.swift; sourceTree = "<group>"; };
		1053CDE42B5BAE6000585A91 /* HeadHunterClone.app */ = {isa = PBXFileReference; explicitFileType = wrapper.application; includeInIndex = 0; path = HeadHunterClone.app; sourceTree = BUILT_PRODUCTS_DIR; };
		1053CDE72B5BAE6000585A91 /* AppDelegate.swift */ = {isa = PBXFileReference; lastKnownFileType = sourcecode.swift; path = AppDelegate.swift; sourceTree = "<group>"; };
		1053CDE92B5BAE6000585A91 /* SceneDelegate.swift */ = {isa = PBXFileReference; lastKnownFileType = sourcecode.swift; path = SceneDelegate.swift; sourceTree = "<group>"; };
		1053CDEE2B5BAE6000585A91 /* Base */ = {isa = PBXFileReference; lastKnownFileType = file.storyboard; name = Base; path = Base.lproj/Main.storyboard; sourceTree = "<group>"; };
		1053CDF02B5BAE6100585A91 /* Assets.xcassets */ = {isa = PBXFileReference; lastKnownFileType = folder.assetcatalog; path = Assets.xcassets; sourceTree = "<group>"; };
		1053CDF32B5BAE6100585A91 /* Base */ = {isa = PBXFileReference; lastKnownFileType = file.storyboard; name = Base; path = Base.lproj/LaunchScreen.storyboard; sourceTree = "<group>"; };
		1053CDF52B5BAE6100585A91 /* Info.plist */ = {isa = PBXFileReference; lastKnownFileType = text.plist.xml; path = Info.plist; sourceTree = "<group>"; };
		1053CDFE2B5BAEDD00585A91 /* FavouriteVacancyListPresenter.swift */ = {isa = PBXFileReference; fileEncoding = 4; lastKnownFileType = sourcecode.swift; path = FavouriteVacancyListPresenter.swift; sourceTree = "<group>"; };
		1053CDFF2B5BAEDD00585A91 /* FavouriteVacancyListViewController.swift */ = {isa = PBXFileReference; fileEncoding = 4; lastKnownFileType = sourcecode.swift; path = FavouriteVacancyListViewController.swift; sourceTree = "<group>"; };
		1053CE012B5BAEDD00585A91 /* VacancyListPresenter.swift */ = {isa = PBXFileReference; fileEncoding = 4; lastKnownFileType = sourcecode.swift; path = VacancyListPresenter.swift; sourceTree = "<group>"; };
		1053CE022B5BAEDD00585A91 /* VacancyListViewController.swift */ = {isa = PBXFileReference; fileEncoding = 4; lastKnownFileType = sourcecode.swift; path = VacancyListViewController.swift; sourceTree = "<group>"; };
		1053CE042B5BAEDD00585A91 /* VacancyDetailViewPresenter.swift */ = {isa = PBXFileReference; fileEncoding = 4; lastKnownFileType = sourcecode.swift; path = VacancyDetailViewPresenter.swift; sourceTree = "<group>"; };
		1053CE052B5BAEDD00585A91 /* VacancyDetailViewController.swift */ = {isa = PBXFileReference; fileEncoding = 4; lastKnownFileType = sourcecode.swift; path = VacancyDetailViewController.swift; sourceTree = "<group>"; };
		1053CE0D2B5BAEFC00585A91 /* Model.swift */ = {isa = PBXFileReference; fileEncoding = 4; lastKnownFileType = sourcecode.swift; path = Model.swift; sourceTree = "<group>"; };
		1053CE0E2B5BAEFC00585A91 /* Log.swift */ = {isa = PBXFileReference; fileEncoding = 4; lastKnownFileType = sourcecode.swift; path = Log.swift; sourceTree = "<group>"; };
		1053CE0F2B5BAEFC00585A91 /* Vacancy.swift */ = {isa = PBXFileReference; fileEncoding = 4; lastKnownFileType = sourcecode.swift; path = Vacancy.swift; sourceTree = "<group>"; };
		1053CE102B5BAEFC00585A91 /* Vacancy + Data.swift */ = {isa = PBXFileReference; fileEncoding = 4; lastKnownFileType = sourcecode.swift; path = "Vacancy + Data.swift"; sourceTree = "<group>"; };
		1053CE162B5BAF0400585A91 /* Api.swift */ = {isa = PBXFileReference; fileEncoding = 4; lastKnownFileType = sourcecode.swift; path = Api.swift; sourceTree = "<group>"; };
		1053CE192B5BAF1400585A91 /* Storage.swift */ = {isa = PBXFileReference; fileEncoding = 4; lastKnownFileType = sourcecode.swift; path = Storage.swift; sourceTree = "<group>"; };
		1053CE1A2B5BAF1400585A91 /* VacancyStorage.swift */ = {isa = PBXFileReference; fileEncoding = 4; lastKnownFileType = sourcecode.swift; path = VacancyStorage.swift; sourceTree = "<group>"; };
		1053CE1B2B5BAF1400585A91 /* StorageError.swift */ = {isa = PBXFileReference; fileEncoding = 4; lastKnownFileType = sourcecode.swift; path = StorageError.swift; sourceTree = "<group>"; };
		1053CE212B5BAF2100585A91 /* VacancyCell.swift */ = {isa = PBXFileReference; fileEncoding = 4; lastKnownFileType = sourcecode.swift; path = VacancyCell.swift; sourceTree = "<group>"; };
		1053CE222B5BAF2100585A91 /* VacancyCell.xib */ = {isa = PBXFileReference; fileEncoding = 4; lastKnownFileType = file.xib; path = VacancyCell.xib; sourceTree = "<group>"; };
		1053CE232B5BAF2100585A91 /* DetailTextLabel.swift */ = {isa = PBXFileReference; fileEncoding = 4; lastKnownFileType = sourcecode.swift; path = DetailTextLabel.swift; sourceTree = "<group>"; };
		1053CE242B5BAF2100585A91 /* FavouriteTrailingAction.swift */ = {isa = PBXFileReference; fileEncoding = 4; lastKnownFileType = sourcecode.swift; path = FavouriteTrailingAction.swift; sourceTree = "<group>"; };
		1053CE252B5BAF2100585A91 /* FavouriteImageView.swift */ = {isa = PBXFileReference; fileEncoding = 4; lastKnownFileType = sourcecode.swift; path = FavouriteImageView.swift; sourceTree = "<group>"; };
		1053CE262B5BAF2100585A91 /* DetailTitleLabel.swift */ = {isa = PBXFileReference; fileEncoding = 4; lastKnownFileType = sourcecode.swift; path = DetailTitleLabel.swift; sourceTree = "<group>"; };
		1053CE272B5BAF2100585A91 /* FavouriteButton.swift */ = {isa = PBXFileReference; fileEncoding = 4; lastKnownFileType = sourcecode.swift; path = FavouriteButton.swift; sourceTree = "<group>"; };
		1053CE292B5BAF2100585A91 /* TabBarController.swift */ = {isa = PBXFileReference; fileEncoding = 4; lastKnownFileType = sourcecode.swift; path = TabBarController.swift; sourceTree = "<group>"; };
		1053CE332B5BAF3D00585A91 /* Notification + Extension.swift */ = {isa = PBXFileReference; fileEncoding = 4; lastKnownFileType = sourcecode.swift; path = "Notification + Extension.swift"; sourceTree = "<group>"; };
		1053CE362B5BBC2B00585A91 /* JDropDownAlert.swift */ = {isa = PBXFileReference; fileEncoding = 4; lastKnownFileType = sourcecode.swift; path = JDropDownAlert.swift; sourceTree = "<group>"; };
		1053CE392B5BBD3000585A91 /* AppAlert.swift */ = {isa = PBXFileReference; lastKnownFileType = sourcecode.swift; path = AppAlert.swift; sourceTree = "<group>"; };
		1053CE3B2B5BBE0300585A91 /* JDropDownAlert + AppAlert.swift */ = {isa = PBXFileReference; lastKnownFileType = sourcecode.swift; path = "JDropDownAlert + AppAlert.swift"; sourceTree = "<group>"; };
		1053CE3D2B5BBEA700585A91 /* AlertUI.swift */ = {isa = PBXFileReference; lastKnownFileType = sourcecode.swift; path = AlertUI.swift; sourceTree = "<group>"; };
		1053CE3F2B5BC33400585A91 /* AlertView.swift */ = {isa = PBXFileReference; lastKnownFileType = sourcecode.swift; path = AlertView.swift; sourceTree = "<group>"; };
		A5CB824B09D12F66A69047D4 /* Pods-HeadHunterClone.release.xcconfig */ = {isa = PBXFileReference; includeInIndex = 1; lastKnownFileType = text.xcconfig; name = "Pods-HeadHunterClone.release.xcconfig"; path = "Target Support Files/Pods-HeadHunterClone/Pods-HeadHunterClone.release.xcconfig"; sourceTree = "<group>"; };
		CF232A1A5931A49CB1EA52E3 /* Pods-HeadHunterClone.debug.xcconfig */ = {isa = PBXFileReference; includeInIndex = 1; lastKnownFileType = text.xcconfig; name = "Pods-HeadHunterClone.debug.xcconfig"; path = "Target Support Files/Pods-HeadHunterClone/Pods-HeadHunterClone.debug.xcconfig"; sourceTree = "<group>"; };
		DB50A4C3847BEC34EA92864C /* Pods_HeadHunterClone.framework */ = {isa = PBXFileReference; explicitFileType = wrapper.framework; includeInIndex = 0; path = Pods_HeadHunterClone.framework; sourceTree = BUILT_PRODUCTS_DIR; };
/* End PBXFileReference section */

/* Begin PBXFrameworksBuildPhase section */
		1053CDE12B5BAE6000585A91 /* Frameworks */ = {
			isa = PBXFrameworksBuildPhase;
			buildActionMask = 2147483647;
			files = (
				40DADA99E38658F266FABE36 /* Pods_HeadHunterClone.framework in Frameworks */,
			);
			runOnlyForDeploymentPostprocessing = 0;
		};
/* End PBXFrameworksBuildPhase section */

/* Begin PBXGroup section */
		101C01492B5FB94B00F2D93A /* SettingsViewController */ = {
			isa = PBXGroup;
			children = (
				101C014A2B5FB9FA00F2D93A /* SettingsViewPresenter.swift */,
				101C01472B5FB94700F2D93A /* SettingsViewController.swift */,
			);
			path = SettingsViewController;
			sourceTree = "<group>";
		};
		101C01502B5FC30500F2D93A /* VacancyStorage */ = {
			isa = PBXGroup;
			children = (
				1053CE192B5BAF1400585A91 /* Storage.swift */,
				1053CE1A2B5BAF1400585A91 /* VacancyStorage.swift */,
			);
			path = VacancyStorage;
			sourceTree = "<group>";
		};
		101C01512B5FC40C00F2D93A /* Extensions */ = {
			isa = PBXGroup;
			children = (
				101C01522B5FC41E00F2D93A /* UserDefaults + Extensions.swift */,
			);
			path = Extensions;
			sourceTree = "<group>";
		};
		101C01562B5FCD2200F2D93A /* SettingsStorage */ = {
			isa = PBXGroup;
			children = (
				101C01572B5FCD2F00F2D93A /* SettingsStorage.swift */,
			);
			path = SettingsStorage;
			sourceTree = "<group>";
		};
		1053CDDB2B5BAE6000585A91 = {
			isa = PBXGroup;
			children = (
				1053CDE62B5BAE6000585A91 /* HeadHunterClone */,
				1053CDE52B5BAE6000585A91 /* Products */,
				E621E014B589CB1F6D4D5BC9 /* Pods */,
				5168CBAC9BB96E9D20F03028 /* Frameworks */,
			);
			sourceTree = "<group>";
		};
		1053CDE52B5BAE6000585A91 /* Products */ = {
			isa = PBXGroup;
			children = (
				1053CDE42B5BAE6000585A91 /* HeadHunterClone.app */,
			);
			name = Products;
			sourceTree = "<group>";
		};
		1053CDE62B5BAE6000585A91 /* HeadHunterClone */ = {
			isa = PBXGroup;
			children = (
				101C01512B5FC40C00F2D93A /* Extensions */,
				1053CE352B5BBC1800585A91 /* Alert */,
				1053CE322B5BAF3D00585A91 /* Notification */,
				1053CE1F2B5BAF2100585A91 /* UI */,
				1053CE182B5BAF1400585A91 /* Storage */,
				1053CE152B5BAF0400585A91 /* Api */,
				1053CE0C2B5BAEFC00585A91 /* Model */,
				1053CDFB2B5BAE8500585A91 /* Supporting Files */,
				1053CDFC2B5BAEDD00585A91 /* Views */,
			);
			path = HeadHunterClone;
			sourceTree = "<group>";
		};
		1053CDFB2B5BAE8500585A91 /* Supporting Files */ = {
			isa = PBXGroup;
			children = (
				1053CDE72B5BAE6000585A91 /* AppDelegate.swift */,
				1053CDE92B5BAE6000585A91 /* SceneDelegate.swift */,
				1053CDED2B5BAE6000585A91 /* Main.storyboard */,
				1053CDF02B5BAE6100585A91 /* Assets.xcassets */,
				1053CDF22B5BAE6100585A91 /* LaunchScreen.storyboard */,
				1053CDF52B5BAE6100585A91 /* Info.plist */,
			);
			path = "Supporting Files";
			sourceTree = "<group>";
		};
		1053CDFC2B5BAEDD00585A91 /* Views */ = {
			isa = PBXGroup;
			children = (
				1053CE282B5BAF2100585A91 /* TabBarController */,
				1053CE002B5BAEDD00585A91 /* VacancyListViewController */,
				1053CE032B5BAEDD00585A91 /* VacancyDetailViewPresenter */,
				1053CDFD2B5BAEDD00585A91 /* FavouriteVacancyListViewController */,
				101C01492B5FB94B00F2D93A /* SettingsViewController */,
			);
			path = Views;
			sourceTree = "<group>";
		};
		1053CDFD2B5BAEDD00585A91 /* FavouriteVacancyListViewController */ = {
			isa = PBXGroup;
			children = (
				1053CDFE2B5BAEDD00585A91 /* FavouriteVacancyListPresenter.swift */,
				1053CDFF2B5BAEDD00585A91 /* FavouriteVacancyListViewController.swift */,
			);
			path = FavouriteVacancyListViewController;
			sourceTree = "<group>";
		};
		1053CE002B5BAEDD00585A91 /* VacancyListViewController */ = {
			isa = PBXGroup;
			children = (
				1053CE012B5BAEDD00585A91 /* VacancyListPresenter.swift */,
				1053CE022B5BAEDD00585A91 /* VacancyListViewController.swift */,
			);
			path = VacancyListViewController;
			sourceTree = "<group>";
		};
		1053CE032B5BAEDD00585A91 /* VacancyDetailViewPresenter */ = {
			isa = PBXGroup;
			children = (
				1053CE042B5BAEDD00585A91 /* VacancyDetailViewPresenter.swift */,
				1053CE052B5BAEDD00585A91 /* VacancyDetailViewController.swift */,
			);
			path = VacancyDetailViewPresenter;
			sourceTree = "<group>";
		};
		1053CE0C2B5BAEFC00585A91 /* Model */ = {
			isa = PBXGroup;
			children = (
				1053CE0D2B5BAEFC00585A91 /* Model.swift */,
				1053CE0E2B5BAEFC00585A91 /* Log.swift */,
				1053CE0F2B5BAEFC00585A91 /* Vacancy.swift */,
				1053CE102B5BAEFC00585A91 /* Vacancy + Data.swift */,
				101C01432B5FB60700F2D93A /* SolaryPresenter.swift */,
				101C01452B5FB68900F2D93A /* SolaryFormatter.swift */,
			);
			path = Model;
			sourceTree = "<group>";
		};
		1053CE152B5BAF0400585A91 /* Api */ = {
			isa = PBXGroup;
			children = (
				1053CE162B5BAF0400585A91 /* Api.swift */,
			);
			path = Api;
			sourceTree = "<group>";
		};
		1053CE182B5BAF1400585A91 /* Storage */ = {
			isa = PBXGroup;
			children = (
				1053CE1B2B5BAF1400585A91 /* StorageError.swift */,
				101C01562B5FCD2200F2D93A /* SettingsStorage */,
				101C01502B5FC30500F2D93A /* VacancyStorage */,
			);
			path = Storage;
			sourceTree = "<group>";
		};
		1053CE1F2B5BAF2100585A91 /* UI */ = {
			isa = PBXGroup;
			children = (
				1053CE202B5BAF2100585A91 /* Xib */,
				1053CE232B5BAF2100585A91 /* DetailTextLabel.swift */,
				1053CE242B5BAF2100585A91 /* FavouriteTrailingAction.swift */,
				1053CE252B5BAF2100585A91 /* FavouriteImageView.swift */,
				1053CE262B5BAF2100585A91 /* DetailTitleLabel.swift */,
				1053CE272B5BAF2100585A91 /* FavouriteButton.swift */,
			);
			path = UI;
			sourceTree = "<group>";
		};
		1053CE202B5BAF2100585A91 /* Xib */ = {
			isa = PBXGroup;
			children = (
				1053CE212B5BAF2100585A91 /* VacancyCell.swift */,
				1053CE222B5BAF2100585A91 /* VacancyCell.xib */,
				101C014C2B5FBA9300F2D93A /* SettingsSwitchCell.swift */,
				101C014D2B5FBA9300F2D93A /* SettingsSwitchCell.xib */,
			);
			path = Xib;
			sourceTree = "<group>";
		};
		1053CE282B5BAF2100585A91 /* TabBarController */ = {
			isa = PBXGroup;
			children = (
				1053CE292B5BAF2100585A91 /* TabBarController.swift */,
			);
			path = TabBarController;
			sourceTree = "<group>";
		};
		1053CE322B5BAF3D00585A91 /* Notification */ = {
			isa = PBXGroup;
			children = (
				1053CE332B5BAF3D00585A91 /* Notification + Extension.swift */,
			);
			path = Notification;
			sourceTree = "<group>";
		};
		1053CE352B5BBC1800585A91 /* Alert */ = {
			isa = PBXGroup;
			children = (
				1053CE382B5BBC3100585A91 /* JDropDownAlert */,
				1053CE392B5BBD3000585A91 /* AppAlert.swift */,
				1053CE3D2B5BBEA700585A91 /* AlertUI.swift */,
				1053CE3F2B5BC33400585A91 /* AlertView.swift */,
			);
			path = Alert;
			sourceTree = "<group>";
		};
		1053CE382B5BBC3100585A91 /* JDropDownAlert */ = {
			isa = PBXGroup;
			children = (
				1053CE362B5BBC2B00585A91 /* JDropDownAlert.swift */,
				1053CE3B2B5BBE0300585A91 /* JDropDownAlert + AppAlert.swift */,
			);
			path = JDropDownAlert;
			sourceTree = "<group>";
		};
		5168CBAC9BB96E9D20F03028 /* Frameworks */ = {
			isa = PBXGroup;
			children = (
				DB50A4C3847BEC34EA92864C /* Pods_HeadHunterClone.framework */,
			);
			name = Frameworks;
			sourceTree = "<group>";
		};
		E621E014B589CB1F6D4D5BC9 /* Pods */ = {
			isa = PBXGroup;
			children = (
				CF232A1A5931A49CB1EA52E3 /* Pods-HeadHunterClone.debug.xcconfig */,
				A5CB824B09D12F66A69047D4 /* Pods-HeadHunterClone.release.xcconfig */,
			);
			path = Pods;
			sourceTree = "<group>";
		};
/* End PBXGroup section */

/* Begin PBXNativeTarget section */
		1053CDE32B5BAE6000585A91 /* HeadHunterClone */ = {
			isa = PBXNativeTarget;
			buildConfigurationList = 1053CDF82B5BAE6100585A91 /* Build configuration list for PBXNativeTarget "HeadHunterClone" */;
			buildPhases = (
				75932D813F65F972D25DD979 /* [CP] Check Pods Manifest.lock */,
				1053CDE02B5BAE6000585A91 /* Sources */,
				1053CDE12B5BAE6000585A91 /* Frameworks */,
				1053CDE22B5BAE6000585A91 /* Resources */,
				B2E3B2BDC3E4D0F8E9337944 /* [CP] Embed Pods Frameworks */,
			);
			buildRules = (
			);
			dependencies = (
			);
			name = HeadHunterClone;
			productName = HeadHunterClone;
			productReference = 1053CDE42B5BAE6000585A91 /* HeadHunterClone.app */;
			productType = "com.apple.product-type.application";
		};
/* End PBXNativeTarget section */

/* Begin PBXProject section */
		1053CDDC2B5BAE6000585A91 /* Project object */ = {
			isa = PBXProject;
			attributes = {
				BuildIndependentTargetsInParallel = 1;
				LastSwiftUpdateCheck = 1420;
				LastUpgradeCheck = 1420;
				TargetAttributes = {
					1053CDE32B5BAE6000585A91 = {
						CreatedOnToolsVersion = 14.2;
					};
				};
			};
			buildConfigurationList = 1053CDDF2B5BAE6000585A91 /* Build configuration list for PBXProject "HeadHunterClone" */;
			compatibilityVersion = "Xcode 14.0";
			developmentRegion = en;
			hasScannedForEncodings = 0;
			knownRegions = (
				en,
				Base,
			);
			mainGroup = 1053CDDB2B5BAE6000585A91;
			productRefGroup = 1053CDE52B5BAE6000585A91 /* Products */;
			projectDirPath = "";
			projectRoot = "";
			targets = (
				1053CDE32B5BAE6000585A91 /* HeadHunterClone */,
			);
		};
/* End PBXProject section */

/* Begin PBXResourcesBuildPhase section */
		1053CDE22B5BAE6000585A91 /* Resources */ = {
			isa = PBXResourcesBuildPhase;
			buildActionMask = 2147483647;
			files = (
				1053CDF42B5BAE6100585A91 /* LaunchScreen.storyboard in Resources */,
				1053CE2B2B5BAF2100585A91 /* VacancyCell.xib in Resources */,
				1053CDF12B5BAE6100585A91 /* Assets.xcassets in Resources */,
				101C014F2B5FBA9300F2D93A /* SettingsSwitchCell.xib in Resources */,
				1053CDEF2B5BAE6000585A91 /* Main.storyboard in Resources */,
			);
			runOnlyForDeploymentPostprocessing = 0;
		};
/* End PBXResourcesBuildPhase section */

/* Begin PBXShellScriptBuildPhase section */
		75932D813F65F972D25DD979 /* [CP] Check Pods Manifest.lock */ = {
			isa = PBXShellScriptBuildPhase;
			buildActionMask = 2147483647;
			files = (
			);
			inputFileListPaths = (
			);
			inputPaths = (
				"${PODS_PODFILE_DIR_PATH}/Podfile.lock",
				"${PODS_ROOT}/Manifest.lock",
			);
			name = "[CP] Check Pods Manifest.lock";
			outputFileListPaths = (
			);
			outputPaths = (
				"$(DERIVED_FILE_DIR)/Pods-HeadHunterClone-checkManifestLockResult.txt",
			);
			runOnlyForDeploymentPostprocessing = 0;
			shellPath = /bin/sh;
			shellScript = "diff \"${PODS_PODFILE_DIR_PATH}/Podfile.lock\" \"${PODS_ROOT}/Manifest.lock\" > /dev/null\nif [ $? != 0 ] ; then\n    # print error to STDERR\n    echo \"error: The sandbox is not in sync with the Podfile.lock. Run 'pod install' or update your CocoaPods installation.\" >&2\n    exit 1\nfi\n# This output is used by Xcode 'outputs' to avoid re-running this script phase.\necho \"SUCCESS\" > \"${SCRIPT_OUTPUT_FILE_0}\"\n";
			showEnvVarsInLog = 0;
		};
		B2E3B2BDC3E4D0F8E9337944 /* [CP] Embed Pods Frameworks */ = {
			isa = PBXShellScriptBuildPhase;
			buildActionMask = 2147483647;
			files = (
			);
			inputFileListPaths = (
				"${PODS_ROOT}/Target Support Files/Pods-HeadHunterClone/Pods-HeadHunterClone-frameworks-${CONFIGURATION}-input-files.xcfilelist",
			);
			name = "[CP] Embed Pods Frameworks";
			outputFileListPaths = (
				"${PODS_ROOT}/Target Support Files/Pods-HeadHunterClone/Pods-HeadHunterClone-frameworks-${CONFIGURATION}-output-files.xcfilelist",
			);
			runOnlyForDeploymentPostprocessing = 0;
			shellPath = /bin/sh;
			shellScript = "\"${PODS_ROOT}/Target Support Files/Pods-HeadHunterClone/Pods-HeadHunterClone-frameworks.sh\"\n";
			showEnvVarsInLog = 0;
		};
/* End PBXShellScriptBuildPhase section */

/* Begin PBXSourcesBuildPhase section */
		1053CDE02B5BAE6000585A91 /* Sources */ = {
			isa = PBXSourcesBuildPhase;
			buildActionMask = 2147483647;
			files = (
				1053CE2C2B5BAF2100585A91 /* DetailTextLabel.swift in Sources */,
				1053CE112B5BAEFC00585A91 /* Model.swift in Sources */,
				1053CE1C2B5BAF1400585A91 /* Storage.swift in Sources */,
				1053CE092B5BAEDD00585A91 /* VacancyListViewController.swift in Sources */,
				1053CE3A2B5BBD3000585A91 /* AppAlert.swift in Sources */,
				1053CE2A2B5BAF2100585A91 /* VacancyCell.swift in Sources */,
				101C014E2B5FBA9300F2D93A /* SettingsSwitchCell.swift in Sources */,
				1053CE3C2B5BBE0300585A91 /* JDropDownAlert + AppAlert.swift in Sources */,
				101C01482B5FB94700F2D93A /* SettingsViewController.swift in Sources */,
				101C014B2B5FB9FA00F2D93A /* SettingsViewPresenter.swift in Sources */,
				1053CE312B5BAF2100585A91 /* TabBarController.swift in Sources */,
				1053CE372B5BBC2B00585A91 /* JDropDownAlert.swift in Sources */,
				1053CE122B5BAEFC00585A91 /* Log.swift in Sources */,
				1053CE2E2B5BAF2100585A91 /* FavouriteImageView.swift in Sources */,
				1053CE342B5BAF3D00585A91 /* Notification + Extension.swift in Sources */,
				1053CE302B5BAF2100585A91 /* FavouriteButton.swift in Sources */,
				1053CE132B5BAEFC00585A91 /* Vacancy.swift in Sources */,
				1053CE0B2B5BAEDD00585A91 /* VacancyDetailViewController.swift in Sources */,
				1053CE142B5BAEFC00585A91 /* Vacancy + Data.swift in Sources */,
				1053CE172B5BAF0400585A91 /* Api.swift in Sources */,
				1053CE0A2B5BAEDD00585A91 /* VacancyDetailViewPresenter.swift in Sources */,
				1053CE072B5BAEDD00585A91 /* FavouriteVacancyListViewController.swift in Sources */,
				1053CDE82B5BAE6000585A91 /* AppDelegate.swift in Sources */,
				101C01532B5FC41E00F2D93A /* UserDefaults + Extensions.swift in Sources */,
				101C01582B5FCD2F00F2D93A /* SettingsStorage.swift in Sources */,
				101C01442B5FB60700F2D93A /* SolaryPresenter.swift in Sources */,
				1053CE062B5BAEDD00585A91 /* FavouriteVacancyListPresenter.swift in Sources */,
				1053CE1E2B5BAF1400585A91 /* StorageError.swift in Sources */,
				1053CE2F2B5BAF2100585A91 /* DetailTitleLabel.swift in Sources */,
				101C01462B5FB68900F2D93A /* SolaryFormatter.swift in Sources */,
				1053CE2D2B5BAF2100585A91 /* FavouriteTrailingAction.swift in Sources */,
				1053CDEA2B5BAE6000585A91 /* SceneDelegate.swift in Sources */,
				1053CE1D2B5BAF1400585A91 /* VacancyStorage.swift in Sources */,
				1053CE402B5BC33400585A91 /* AlertView.swift in Sources */,
				1053CE3E2B5BBEA700585A91 /* AlertUI.swift in Sources */,
				1053CE082B5BAEDD00585A91 /* VacancyListPresenter.swift in Sources */,
			);
			runOnlyForDeploymentPostprocessing = 0;
		};
/* End PBXSourcesBuildPhase section */

/* Begin PBXVariantGroup section */
		1053CDED2B5BAE6000585A91 /* Main.storyboard */ = {
			isa = PBXVariantGroup;
			children = (
				1053CDEE2B5BAE6000585A91 /* Base */,
			);
			name = Main.storyboard;
			sourceTree = "<group>";
		};
		1053CDF22B5BAE6100585A91 /* LaunchScreen.storyboard */ = {
			isa = PBXVariantGroup;
			children = (
				1053CDF32B5BAE6100585A91 /* Base */,
			);
			name = LaunchScreen.storyboard;
			sourceTree = "<group>";
		};
/* End PBXVariantGroup section */

/* Begin XCBuildConfiguration section */
		1053CDF62B5BAE6100585A91 /* Debug */ = {
			isa = XCBuildConfiguration;
			buildSettings = {
				ALWAYS_SEARCH_USER_PATHS = NO;
				CLANG_ANALYZER_NONNULL = YES;
				CLANG_ANALYZER_NUMBER_OBJECT_CONVERSION = YES_AGGRESSIVE;
				CLANG_CXX_LANGUAGE_STANDARD = "gnu++20";
				CLANG_ENABLE_MODULES = YES;
				CLANG_ENABLE_OBJC_ARC = YES;
				CLANG_ENABLE_OBJC_WEAK = YES;
				CLANG_WARN_BLOCK_CAPTURE_AUTORELEASING = YES;
				CLANG_WARN_BOOL_CONVERSION = YES;
				CLANG_WARN_COMMA = YES;
				CLANG_WARN_CONSTANT_CONVERSION = YES;
				CLANG_WARN_DEPRECATED_OBJC_IMPLEMENTATIONS = YES;
				CLANG_WARN_DIRECT_OBJC_ISA_USAGE = YES_ERROR;
				CLANG_WARN_DOCUMENTATION_COMMENTS = YES;
				CLANG_WARN_EMPTY_BODY = YES;
				CLANG_WARN_ENUM_CONVERSION = YES;
				CLANG_WARN_INFINITE_RECURSION = YES;
				CLANG_WARN_INT_CONVERSION = YES;
				CLANG_WARN_NON_LITERAL_NULL_CONVERSION = YES;
				CLANG_WARN_OBJC_IMPLICIT_RETAIN_SELF = YES;
				CLANG_WARN_OBJC_LITERAL_CONVERSION = YES;
				CLANG_WARN_OBJC_ROOT_CLASS = YES_ERROR;
				CLANG_WARN_QUOTED_INCLUDE_IN_FRAMEWORK_HEADER = YES;
				CLANG_WARN_RANGE_LOOP_ANALYSIS = YES;
				CLANG_WARN_STRICT_PROTOTYPES = YES;
				CLANG_WARN_SUSPICIOUS_MOVE = YES;
				CLANG_WARN_UNGUARDED_AVAILABILITY = YES_AGGRESSIVE;
				CLANG_WARN_UNREACHABLE_CODE = YES;
				CLANG_WARN__DUPLICATE_METHOD_MATCH = YES;
				COPY_PHASE_STRIP = NO;
				DEBUG_INFORMATION_FORMAT = dwarf;
				ENABLE_STRICT_OBJC_MSGSEND = YES;
				ENABLE_TESTABILITY = YES;
				GCC_C_LANGUAGE_STANDARD = gnu11;
				GCC_DYNAMIC_NO_PIC = NO;
				GCC_NO_COMMON_BLOCKS = YES;
				GCC_OPTIMIZATION_LEVEL = 0;
				GCC_PREPROCESSOR_DEFINITIONS = (
					"DEBUG=1",
					"$(inherited)",
				);
				GCC_WARN_64_TO_32_BIT_CONVERSION = YES;
				GCC_WARN_ABOUT_RETURN_TYPE = YES_ERROR;
				GCC_WARN_UNDECLARED_SELECTOR = YES;
				GCC_WARN_UNINITIALIZED_AUTOS = YES_AGGRESSIVE;
				GCC_WARN_UNUSED_FUNCTION = YES;
				GCC_WARN_UNUSED_VARIABLE = YES;
				IPHONEOS_DEPLOYMENT_TARGET = 16.2;
				MTL_ENABLE_DEBUG_INFO = INCLUDE_SOURCE;
				MTL_FAST_MATH = YES;
				ONLY_ACTIVE_ARCH = YES;
				SDKROOT = iphoneos;
				SWIFT_ACTIVE_COMPILATION_CONDITIONS = DEBUG;
				SWIFT_OPTIMIZATION_LEVEL = "-Onone";
			};
			name = Debug;
		};
		1053CDF72B5BAE6100585A91 /* Release */ = {
			isa = XCBuildConfiguration;
			buildSettings = {
				ALWAYS_SEARCH_USER_PATHS = NO;
				CLANG_ANALYZER_NONNULL = YES;
				CLANG_ANALYZER_NUMBER_OBJECT_CONVERSION = YES_AGGRESSIVE;
				CLANG_CXX_LANGUAGE_STANDARD = "gnu++20";
				CLANG_ENABLE_MODULES = YES;
				CLANG_ENABLE_OBJC_ARC = YES;
				CLANG_ENABLE_OBJC_WEAK = YES;
				CLANG_WARN_BLOCK_CAPTURE_AUTORELEASING = YES;
				CLANG_WARN_BOOL_CONVERSION = YES;
				CLANG_WARN_COMMA = YES;
				CLANG_WARN_CONSTANT_CONVERSION = YES;
				CLANG_WARN_DEPRECATED_OBJC_IMPLEMENTATIONS = YES;
				CLANG_WARN_DIRECT_OBJC_ISA_USAGE = YES_ERROR;
				CLANG_WARN_DOCUMENTATION_COMMENTS = YES;
				CLANG_WARN_EMPTY_BODY = YES;
				CLANG_WARN_ENUM_CONVERSION = YES;
				CLANG_WARN_INFINITE_RECURSION = YES;
				CLANG_WARN_INT_CONVERSION = YES;
				CLANG_WARN_NON_LITERAL_NULL_CONVERSION = YES;
				CLANG_WARN_OBJC_IMPLICIT_RETAIN_SELF = YES;
				CLANG_WARN_OBJC_LITERAL_CONVERSION = YES;
				CLANG_WARN_OBJC_ROOT_CLASS = YES_ERROR;
				CLANG_WARN_QUOTED_INCLUDE_IN_FRAMEWORK_HEADER = YES;
				CLANG_WARN_RANGE_LOOP_ANALYSIS = YES;
				CLANG_WARN_STRICT_PROTOTYPES = YES;
				CLANG_WARN_SUSPICIOUS_MOVE = YES;
				CLANG_WARN_UNGUARDED_AVAILABILITY = YES_AGGRESSIVE;
				CLANG_WARN_UNREACHABLE_CODE = YES;
				CLANG_WARN__DUPLICATE_METHOD_MATCH = YES;
				COPY_PHASE_STRIP = NO;
				DEBUG_INFORMATION_FORMAT = "dwarf-with-dsym";
				ENABLE_NS_ASSERTIONS = NO;
				ENABLE_STRICT_OBJC_MSGSEND = YES;
				GCC_C_LANGUAGE_STANDARD = gnu11;
				GCC_NO_COMMON_BLOCKS = YES;
				GCC_WARN_64_TO_32_BIT_CONVERSION = YES;
				GCC_WARN_ABOUT_RETURN_TYPE = YES_ERROR;
				GCC_WARN_UNDECLARED_SELECTOR = YES;
				GCC_WARN_UNINITIALIZED_AUTOS = YES_AGGRESSIVE;
				GCC_WARN_UNUSED_FUNCTION = YES;
				GCC_WARN_UNUSED_VARIABLE = YES;
				IPHONEOS_DEPLOYMENT_TARGET = 16.2;
				MTL_ENABLE_DEBUG_INFO = NO;
				MTL_FAST_MATH = YES;
				SDKROOT = iphoneos;
				SWIFT_COMPILATION_MODE = wholemodule;
				SWIFT_OPTIMIZATION_LEVEL = "-O";
				VALIDATE_PRODUCT = YES;
			};
			name = Release;
		};
		1053CDF92B5BAE6100585A91 /* Debug */ = {
			isa = XCBuildConfiguration;
			baseConfigurationReference = CF232A1A5931A49CB1EA52E3 /* Pods-HeadHunterClone.debug.xcconfig */;
			buildSettings = {
				ASSETCATALOG_COMPILER_APPICON_NAME = AppIcon;
				ASSETCATALOG_COMPILER_GLOBAL_ACCENT_COLOR_NAME = AccentColor;
				CODE_SIGN_STYLE = Automatic;
				CURRENT_PROJECT_VERSION = 1;
				DEVELOPMENT_TEAM = KTV28US9SX;
				GENERATE_INFOPLIST_FILE = YES;
				INFOPLIST_FILE = "HeadHunterClone/Supporting Files/Info.plist";
				INFOPLIST_KEY_UIApplicationSupportsIndirectInputEvents = YES;
				INFOPLIST_KEY_UILaunchStoryboardName = LaunchScreen;
				INFOPLIST_KEY_UIMainStoryboardFile = Main;
				INFOPLIST_KEY_UISupportedInterfaceOrientations_iPad = "UIInterfaceOrientationPortrait UIInterfaceOrientationPortraitUpsideDown UIInterfaceOrientationLandscapeLeft UIInterfaceOrientationLandscapeRight";
				INFOPLIST_KEY_UISupportedInterfaceOrientations_iPhone = "UIInterfaceOrientationPortrait UIInterfaceOrientationLandscapeLeft UIInterfaceOrientationLandscapeRight";
				LD_RUNPATH_SEARCH_PATHS = (
					"$(inherited)",
					"@executable_path/Frameworks",
				);
				MARKETING_VERSION = 1.0;
				PRODUCT_BUNDLE_IDENTIFIER = com.sapgv.HeadHunterClone;
				PRODUCT_NAME = "$(TARGET_NAME)";
				SWIFT_EMIT_LOC_STRINGS = YES;
				SWIFT_VERSION = 5.0;
				TARGETED_DEVICE_FAMILY = "1,2";
			};
			name = Debug;
		};
		1053CDFA2B5BAE6100585A91 /* Release */ = {
			isa = XCBuildConfiguration;
			baseConfigurationReference = A5CB824B09D12F66A69047D4 /* Pods-HeadHunterClone.release.xcconfig */;
			buildSettings = {
				ASSETCATALOG_COMPILER_APPICON_NAME = AppIcon;
				ASSETCATALOG_COMPILER_GLOBAL_ACCENT_COLOR_NAME = AccentColor;
				CODE_SIGN_STYLE = Automatic;
				CURRENT_PROJECT_VERSION = 1;
				DEVELOPMENT_TEAM = KTV28US9SX;
				GENERATE_INFOPLIST_FILE = YES;
				INFOPLIST_FILE = "HeadHunterClone/Supporting Files/Info.plist";
				INFOPLIST_KEY_UIApplicationSupportsIndirectInputEvents = YES;
				INFOPLIST_KEY_UILaunchStoryboardName = LaunchScreen;
				INFOPLIST_KEY_UIMainStoryboardFile = Main;
				INFOPLIST_KEY_UISupportedInterfaceOrientations_iPad = "UIInterfaceOrientationPortrait UIInterfaceOrientationPortraitUpsideDown UIInterfaceOrientationLandscapeLeft UIInterfaceOrientationLandscapeRight";
				INFOPLIST_KEY_UISupportedInterfaceOrientations_iPhone = "UIInterfaceOrientationPortrait UIInterfaceOrientationLandscapeLeft UIInterfaceOrientationLandscapeRight";
				LD_RUNPATH_SEARCH_PATHS = (
					"$(inherited)",
					"@executable_path/Frameworks",
				);
				MARKETING_VERSION = 1.0;
				PRODUCT_BUNDLE_IDENTIFIER = com.sapgv.HeadHunterClone;
				PRODUCT_NAME = "$(TARGET_NAME)";
				SWIFT_EMIT_LOC_STRINGS = YES;
				SWIFT_VERSION = 5.0;
				TARGETED_DEVICE_FAMILY = "1,2";
			};
			name = Release;
		};
/* End XCBuildConfiguration section */

/* Begin XCConfigurationList section */
		1053CDDF2B5BAE6000585A91 /* Build configuration list for PBXProject "HeadHunterClone" */ = {
			isa = XCConfigurationList;
			buildConfigurations = (
				1053CDF62B5BAE6100585A91 /* Debug */,
				1053CDF72B5BAE6100585A91 /* Release */,
			);
			defaultConfigurationIsVisible = 0;
			defaultConfigurationName = Release;
		};
		1053CDF82B5BAE6100585A91 /* Build configuration list for PBXNativeTarget "HeadHunterClone" */ = {
			isa = XCConfigurationList;
			buildConfigurations = (
				1053CDF92B5BAE6100585A91 /* Debug */,
				1053CDFA2B5BAE6100585A91 /* Release */,
			);
			defaultConfigurationIsVisible = 0;
			defaultConfigurationName = Release;
		};
/* End XCConfigurationList section */
	};
	rootObject = 1053CDDC2B5BAE6000585A91 /* Project object */;
}
